[{<<"poolboy">>,{pkg,<<"poolboy">>,<<"1.5.1">>},0},
 {<<"goldrush">>,{pkg,<<"goldrush">>,<<"0.1.6">>},1},
 {<<"lager">>,{pkg,<<"lager">>,<<"2.1.1">>},0},
 {<<"meck">>,
  {git,"git://github.com/basho/meck.git",
       {ref,"dde759050eff19a1a80fd854d7375174b191665d"}},
  1},
 {<<"jsx">>,
  {git,"https://github.com/talentdeficit/jsx.git",
       {ref,"6b189d35d3ec22902f991c80155ede2c2ed6675d"}},
  1},
 {<<"erlcloud">>,
  {git,"https://github.com/project-fifo/erlcloud",
       {ref,"6bb4a7706cf807dab4eb5fdf07c57ede324d6c1b"}},
  0},
 {<<"base16">>,
  {git,"https://github.com/goj/base16.git",
       {ref,"1e9dd28bdbcfb8f4aedf82b9900cfb0f094f137d"}},
  0}].
