{"1.1.0",
[{<<"base16">>,{pkg,<<"base16">>,<<"1.0.0">>},0},
 {<<"certifi">>,{pkg,<<"certifi">>,<<"1.0.0">>},1},
 {<<"eini">>,{pkg,<<"eini">>,<<"1.2.4">>},1},
 {<<"erlcloud">>,{pkg,<<"erlcloud">>,<<"2.2.4">>},0},
 {<<"goldrush">>,{pkg,<<"goldrush">>,<<"0.1.9">>},1},
 {<<"hackney">>,{pkg,<<"hackney">>,<<"1.7.0">>},0},
 {<<"idna">>,{pkg,<<"idna">>,<<"4.0.0">>},1},
 {<<"jsx">>,{pkg,<<"jsx">>,<<"2.8.0">>},1},
 {<<"lager">>,{pkg,<<"lager">>,<<"3.2.4">>},0},
 {<<"lhttpc">>,{pkg,<<"lhttpc">>,<<"1.5.1">>},1},
 {<<"metrics">>,{pkg,<<"metrics">>,<<"1.0.1">>},1},
 {<<"mimerl">>,{pkg,<<"mimerl">>,<<"1.0.2">>},1},
 {<<"poolboy">>,{pkg,<<"poolboy">>,<<"1.5.1">>},0},
 {<<"ssl_verify_fun">>,{pkg,<<"ssl_verify_fun">>,<<"1.1.1">>},1}]}.
[
{pkg_hash,[
 {<<"base16">>, <<"283644E2B21BD5915ACB7178BED7851FB07C6E5749B8FAD68A53C501092176D9">>},
 {<<"certifi">>, <<"1C787A85B1855BA354F0B8920392C19AA1D06B0EE1362F9141279620A5BE2039">>},
 {<<"eini">>, <<"ABD64A0533398A6D714D21219BB85F2D41FDB42665AC4080939B7BFA8E55F386">>},
 {<<"erlcloud">>, <<"0A5FE1A086EEEA67CBC48CD10195C6AA2A4C83482BE8A10AE3AB7633C251DA74">>},
 {<<"goldrush">>, <<"F06E5D5F1277DA5C413E84D5A2924174182FB108DABB39D5EC548B27424CD106">>},
 {<<"hackney">>, <<"C5DE88ADB36CAF9D98789A4471B716DFDBC6BA9C6FAA87A8008CE3454885D6D2">>},
 {<<"idna">>, <<"10AAA9F79D0B12CF0DEF53038547855B91144F1BFCC0EC73494F38BB7B9C4961">>},
 {<<"jsx">>, <<"749BEC6D205C694AE1786D62CEA6CC45A390437E24835FD16D12D74F07097727">>},
 {<<"lager">>, <<"A6DEB74DAE7927F46BD13255268308EF03EB206EC784A94EAF7C1C0F3B811615">>},
 {<<"lhttpc">>, <<"2137CB82D123751B21CC0461A00734CD32CB470BC6278BA139EE13C1ECC3C2B1">>},
 {<<"metrics">>, <<"25F094DEA2CDA98213CECC3AEFF09E940299D950904393B2A29D191C346A8486">>},
 {<<"mimerl">>, <<"993F9B0E084083405ED8252B99460C4F0563E41729AB42D9074FD5E52439BE88">>},
 {<<"poolboy">>, <<"6B46163901CFD0A1B43D692657ED9D7E599853B3B21B95AE5AE0A777CF9B6CA8">>},
 {<<"ssl_verify_fun">>, <<"28A4D65B7F59893BC2C7DE786DEC1E1555BD742D336043FE644AE956C3497FBE">>}]}
].
